// !$*UTF8*$!
{
	archiveVersion = 1;
	classes = {
	};
	objectVersion = 46;
	objects = {

/* Begin PBXBuildFile section */
		AE96AEF51E2667A00045E371 /* NSOperationViewController.m in Sources */ = {isa = PBXBuildFile; fileRef = AE96AEF31E2667A00045E371 /* NSOperationViewController.m */; };
		AE96AEF61E2667A00045E371 /* NSOperationViewController.xib in Resources */ = {isa = PBXBuildFile; fileRef = AE96AEF41E2667A00045E371 /* NSOperationViewController.xib */; };
		AE96AEFE1E274E860045E371 /* DownloadOperation.m in Sources */ = {isa = PBXBuildFile; fileRef = AE96AEFD1E274E860045E371 /* DownloadOperation.m */; };
		AEA95EC11E276E71004FC14E /* ImageDownloadOperation.m in Sources */ = {isa = PBXBuildFile; fileRef = AEA95EC01E276E71004FC14E /* ImageDownloadOperation.m */; };
		AEA95EC51E277F8C004FC14E /* NSString+FileString.m in Sources */ = {isa = PBXBuildFile; fileRef = AEA95EC41E277F8C004FC14E /* NSString+FileString.m */; };
		AEA95EC91E27913B004FC14E /* BaseViewController.m in Sources */ = {isa = PBXBuildFile; fileRef = AEA95EC81E27913B004FC14E /* BaseViewController.m */; };
		AEE8404A1E24DD650047067B /* Person.m in Sources */ = {isa = PBXBuildFile; fileRef = AEE840491E24DD650047067B /* Person.m */; };
		AEE8404E1E24DE210047067B /* FirstViewController.m in Sources */ = {isa = PBXBuildFile; fileRef = AEE8404C1E24DE210047067B /* FirstViewController.m */; };
		AEE8404F1E24DE210047067B /* FirstViewController.xib in Resources */ = {isa = PBXBuildFile; fileRef = AEE8404D1E24DE210047067B /* FirstViewController.xib */; };
		AEE840531E24E32B0047067B /* SecondViewController.m in Sources */ = {isa = PBXBuildFile; fileRef = AEE840511E24E32B0047067B /* SecondViewController.m */; };
		AEE840541E24E32B0047067B /* SecondViewController.xib in Resources */ = {isa = PBXBuildFile; fileRef = AEE840521E24E32B0047067B /* SecondViewController.xib */; };
		AEE840571E24E48D0047067B /* Student.m in Sources */ = {isa = PBXBuildFile; fileRef = AEE840561E24E48D0047067B /* Student.m */; };
		AEE8405E1E24ED5C0047067B /* NotificationCenterController.m in Sources */ = {isa = PBXBuildFile; fileRef = AEE8405C1E24ED5C0047067B /* NotificationCenterController.m */; };
		AEE8406B1E24F4ED0047067B /* GCDViewController.m in Sources */ = {isa = PBXBuildFile; fileRef = AEE840691E24F4ED0047067B /* GCDViewController.m */; };
		AEE8406C1E24F4ED0047067B /* GCDViewController.xib in Resources */ = {isa = PBXBuildFile; fileRef = AEE8406A1E24F4ED0047067B /* GCDViewController.xib */; };
		AEECC3251E23BC1F00E8BF89 /* main.m in Sources */ = {isa = PBXBuildFile; fileRef = AEECC3241E23BC1F00E8BF89 /* main.m */; };
		AEECC3281E23BC1F00E8BF89 /* AppDelegate.m in Sources */ = {isa = PBXBuildFile; fileRef = AEECC3271E23BC1F00E8BF89 /* AppDelegate.m */; };
		AEECC32B1E23BC1F00E8BF89 /* ViewController.m in Sources */ = {isa = PBXBuildFile; fileRef = AEECC32A1E23BC1F00E8BF89 /* ViewController.m */; };
		AEECC32E1E23BC1F00E8BF89 /* Main.storyboard in Resources */ = {isa = PBXBuildFile; fileRef = AEECC32C1E23BC1F00E8BF89 /* Main.storyboard */; };
		AEECC3311E23BC1F00E8BF89 /* iOSTips.xcdatamodeld in Sources */ = {isa = PBXBuildFile; fileRef = AEECC32F1E23BC1F00E8BF89 /* iOSTips.xcdatamodeld */; };
		AEECC3331E23BC1F00E8BF89 /* Assets.xcassets in Resources */ = {isa = PBXBuildFile; fileRef = AEECC3321E23BC1F00E8BF89 /* Assets.xcassets */; };
		AEECC3361E23BC1F00E8BF89 /* LaunchScreen.storyboard in Resources */ = {isa = PBXBuildFile; fileRef = AEECC3341E23BC1F00E8BF89 /* LaunchScreen.storyboard */; };
		AEECC3411E23BC1F00E8BF89 /* iOSTipsTests.m in Sources */ = {isa = PBXBuildFile; fileRef = AEECC3401E23BC1F00E8BF89 /* iOSTipsTests.m */; };
		AEECC34C1E23BC1F00E8BF89 /* iOSTipsUITests.m in Sources */ = {isa = PBXBuildFile; fileRef = AEECC34B1E23BC1F00E8BF89 /* iOSTipsUITests.m */; };
		AEECC35B1E23BCC100E8BF89 /* Foundation.framework in Frameworks */ = {isa = PBXBuildFile; fileRef = AEECC35A1E23BCC100E8BF89 /* Foundation.framework */; };
		AEECC35D1E23BCCD00E8BF89 /* UIKit.framework in Frameworks */ = {isa = PBXBuildFile; fileRef = AEECC35C1E23BCCD00E8BF89 /* UIKit.framework */; };
		AEECC35F1E23BCD300E8BF89 /* SystemConfiguration.framework in Frameworks */ = {isa = PBXBuildFile; fileRef = AEECC35E1E23BCD300E8BF89 /* SystemConfiguration.framework */; };
/* End PBXBuildFile section */

/* Begin PBXContainerItemProxy section */
		AEECC33D1E23BC1F00E8BF89 /* PBXContainerItemProxy */ = {
			isa = PBXContainerItemProxy;
			containerPortal = AEECC3181E23BC1F00E8BF89 /* Project object */;
			proxyType = 1;
			remoteGlobalIDString = AEECC31F1E23BC1F00E8BF89;
			remoteInfo = iOSTips;
		};
		AEECC3481E23BC1F00E8BF89 /* PBXContainerItemProxy */ = {
			isa = PBXContainerItemProxy;
			containerPortal = AEECC3181E23BC1F00E8BF89 /* Project object */;
			proxyType = 1;
			remoteGlobalIDString = AEECC31F1E23BC1F00E8BF89;
			remoteInfo = iOSTips;
		};
/* End PBXContainerItemProxy section */

/* Begin PBXFileReference section */
		AE96AEF21E2667A00045E371 /* NSOperationViewController.h */ = {isa = PBXFileReference; fileEncoding = 4; lastKnownFileType = sourcecode.c.h; path = NSOperationViewController.h; sourceTree = "<group>"; };
		AE96AEF31E2667A00045E371 /* NSOperationViewController.m */ = {isa = PBXFileReference; fileEncoding = 4; lastKnownFileType = sourcecode.c.objc; path = NSOperationViewController.m; sourceTree = "<group>"; };
		AE96AEF41E2667A00045E371 /* NSOperationViewController.xib */ = {isa = PBXFileReference; fileEncoding = 4; lastKnownFileType = file.xib; path = NSOperationViewController.xib; sourceTree = "<group>"; };
		AE96AEFC1E274E860045E371 /* DownloadOperation.h */ = {isa = PBXFileReference; fileEncoding = 4; lastKnownFileType = sourcecode.c.h; path = DownloadOperation.h; sourceTree = "<group>"; };
		AE96AEFD1E274E860045E371 /* DownloadOperation.m */ = {isa = PBXFileReference; fileEncoding = 4; lastKnownFileType = sourcecode.c.objc; path = DownloadOperation.m; sourceTree = "<group>"; };
		AEA95EBF1E276E71004FC14E /* ImageDownloadOperation.h */ = {isa = PBXFileReference; fileEncoding = 4; lastKnownFileType = sourcecode.c.h; path = ImageDownloadOperation.h; sourceTree = "<group>"; };
		AEA95EC01E276E71004FC14E /* ImageDownloadOperation.m */ = {isa = PBXFileReference; fileEncoding = 4; lastKnownFileType = sourcecode.c.objc; path = ImageDownloadOperation.m; sourceTree = "<group>"; };
		AEA95EC31E277F8C004FC14E /* NSString+FileString.h */ = {isa = PBXFileReference; fileEncoding = 4; lastKnownFileType = sourcecode.c.h; path = "NSString+FileString.h"; sourceTree = "<group>"; };
		AEA95EC41E277F8C004FC14E /* NSString+FileString.m */ = {isa = PBXFileReference; fileEncoding = 4; lastKnownFileType = sourcecode.c.objc; path = "NSString+FileString.m"; sourceTree = "<group>"; };
		AEA95EC71E27913B004FC14E /* BaseViewController.h */ = {isa = PBXFileReference; fileEncoding = 4; lastKnownFileType = sourcecode.c.h; path = BaseViewController.h; sourceTree = "<group>"; };
		AEA95EC81E27913B004FC14E /* BaseViewController.m */ = {isa = PBXFileReference; fileEncoding = 4; lastKnownFileType = sourcecode.c.objc; path = BaseViewController.m; sourceTree = "<group>"; };
		AEE840481E24DD650047067B /* Person.h */ = {isa = PBXFileReference; fileEncoding = 4; lastKnownFileType = sourcecode.c.h; path = Person.h; sourceTree = "<group>"; };
		AEE840491E24DD650047067B /* Person.m */ = {isa = PBXFileReference; fileEncoding = 4; lastKnownFileType = sourcecode.c.objc; path = Person.m; sourceTree = "<group>"; };
		AEE8404B1E24DE210047067B /* FirstViewController.h */ = {isa = PBXFileReference; fileEncoding = 4; lastKnownFileType = sourcecode.c.h; path = FirstViewController.h; sourceTree = "<group>"; };
		AEE8404C1E24DE210047067B /* FirstViewController.m */ = {isa = PBXFileReference; fileEncoding = 4; lastKnownFileType = sourcecode.c.objc; path = FirstViewController.m; sourceTree = "<group>"; };
		AEE8404D1E24DE210047067B /* FirstViewController.xib */ = {isa = PBXFileReference; fileEncoding = 4; lastKnownFileType = file.xib; path = FirstViewController.xib; sourceTree = "<group>"; };
		AEE840501E24E32B0047067B /* SecondViewController.h */ = {isa = PBXFileReference; fileEncoding = 4; lastKnownFileType = sourcecode.c.h; path = SecondViewController.h; sourceTree = "<group>"; };
		AEE840511E24E32B0047067B /* SecondViewController.m */ = {isa = PBXFileReference; fileEncoding = 4; lastKnownFileType = sourcecode.c.objc; path = SecondViewController.m; sourceTree = "<group>"; };
		AEE840521E24E32B0047067B /* SecondViewController.xib */ = {isa = PBXFileReference; fileEncoding = 4; lastKnownFileType = file.xib; path = SecondViewController.xib; sourceTree = "<group>"; };
		AEE840551E24E48D0047067B /* Student.h */ = {isa = PBXFileReference; fileEncoding = 4; lastKnownFileType = sourcecode.c.h; path = Student.h; sourceTree = "<group>"; };
		AEE840561E24E48D0047067B /* Student.m */ = {isa = PBXFileReference; fileEncoding = 4; lastKnownFileType = sourcecode.c.objc; path = Student.m; sourceTree = "<group>"; };
		AEE8405B1E24ED5C0047067B /* NotificationCenterController.h */ = {isa = PBXFileReference; fileEncoding = 4; lastKnownFileType = sourcecode.c.h; path = NotificationCenterController.h; sourceTree = "<group>"; };
		AEE8405C1E24ED5C0047067B /* NotificationCenterController.m */ = {isa = PBXFileReference; fileEncoding = 4; lastKnownFileType = sourcecode.c.objc; path = NotificationCenterController.m; sourceTree = "<group>"; };
		AEE840681E24F4ED0047067B /* GCDViewController.h */ = {isa = PBXFileReference; fileEncoding = 4; lastKnownFileType = sourcecode.c.h; path = GCDViewController.h; sourceTree = "<group>"; };
		AEE840691E24F4ED0047067B /* GCDViewController.m */ = {isa = PBXFileReference; fileEncoding = 4; lastKnownFileType = sourcecode.c.objc; path = GCDViewController.m; sourceTree = "<group>"; };
		AEE8406A1E24F4ED0047067B /* GCDViewController.xib */ = {isa = PBXFileReference; fileEncoding = 4; lastKnownFileType = file.xib; path = GCDViewController.xib; sourceTree = "<group>"; };
		AEECC3201E23BC1F00E8BF89 /* iOSTips.app */ = {isa = PBXFileReference; explicitFileType = wrapper.application; includeInIndex = 0; path = iOSTips.app; sourceTree = BUILT_PRODUCTS_DIR; };
		AEECC3241E23BC1F00E8BF89 /* main.m */ = {isa = PBXFileReference; lastKnownFileType = sourcecode.c.objc; path = main.m; sourceTree = "<group>"; };
		AEECC3261E23BC1F00E8BF89 /* AppDelegate.h */ = {isa = PBXFileReference; lastKnownFileType = sourcecode.c.h; path = AppDelegate.h; sourceTree = "<group>"; };
		AEECC3271E23BC1F00E8BF89 /* AppDelegate.m */ = {isa = PBXFileReference; lastKnownFileType = sourcecode.c.objc; path = AppDelegate.m; sourceTree = "<group>"; };
		AEECC3291E23BC1F00E8BF89 /* ViewController.h */ = {isa = PBXFileReference; lastKnownFileType = sourcecode.c.h; path = ViewController.h; sourceTree = "<group>"; };
		AEECC32A1E23BC1F00E8BF89 /* ViewController.m */ = {isa = PBXFileReference; lastKnownFileType = sourcecode.c.objc; path = ViewController.m; sourceTree = "<group>"; };
		AEECC32D1E23BC1F00E8BF89 /* Base */ = {isa = PBXFileReference; lastKnownFileType = file.storyboard; name = Base; path = Base.lproj/Main.storyboard; sourceTree = "<group>"; };
		AEECC3301E23BC1F00E8BF89 /* iOSTips.xcdatamodel */ = {isa = PBXFileReference; lastKnownFileType = wrapper.xcdatamodel; path = iOSTips.xcdatamodel; sourceTree = "<group>"; };
		AEECC3321E23BC1F00E8BF89 /* Assets.xcassets */ = {isa = PBXFileReference; lastKnownFileType = folder.assetcatalog; path = Assets.xcassets; sourceTree = "<group>"; };
		AEECC3351E23BC1F00E8BF89 /* Base */ = {isa = PBXFileReference; lastKnownFileType = file.storyboard; name = Base; path = Base.lproj/LaunchScreen.storyboard; sourceTree = "<group>"; };
		AEECC3371E23BC1F00E8BF89 /* Info.plist */ = {isa = PBXFileReference; lastKnownFileType = text.plist.xml; path = Info.plist; sourceTree = "<group>"; };
		AEECC33C1E23BC1F00E8BF89 /* iOSTipsTests.xctest */ = {isa = PBXFileReference; explicitFileType = wrapper.cfbundle; includeInIndex = 0; path = iOSTipsTests.xctest; sourceTree = BUILT_PRODUCTS_DIR; };
		AEECC3401E23BC1F00E8BF89 /* iOSTipsTests.m */ = {isa = PBXFileReference; lastKnownFileType = sourcecode.c.objc; path = iOSTipsTests.m; sourceTree = "<group>"; };
		AEECC3421E23BC1F00E8BF89 /* Info.plist */ = {isa = PBXFileReference; lastKnownFileType = text.plist.xml; path = Info.plist; sourceTree = "<group>"; };
		AEECC3471E23BC1F00E8BF89 /* iOSTipsUITests.xctest */ = {isa = PBXFileReference; explicitFileType = wrapper.cfbundle; includeInIndex = 0; path = iOSTipsUITests.xctest; sourceTree = BUILT_PRODUCTS_DIR; };
		AEECC34B1E23BC1F00E8BF89 /* iOSTipsUITests.m */ = {isa = PBXFileReference; lastKnownFileType = sourcecode.c.objc; path = iOSTipsUITests.m; sourceTree = "<group>"; };
		AEECC34D1E23BC1F00E8BF89 /* Info.plist */ = {isa = PBXFileReference; lastKnownFileType = text.plist.xml; path = Info.plist; sourceTree = "<group>"; };
		AEECC35A1E23BCC100E8BF89 /* Foundation.framework */ = {isa = PBXFileReference; lastKnownFileType = wrapper.framework; name = Foundation.framework; path = System/Library/Frameworks/Foundation.framework; sourceTree = SDKROOT; };
		AEECC35C1E23BCCD00E8BF89 /* UIKit.framework */ = {isa = PBXFileReference; lastKnownFileType = wrapper.framework; name = UIKit.framework; path = System/Library/Frameworks/UIKit.framework; sourceTree = SDKROOT; };
		AEECC35E1E23BCD300E8BF89 /* SystemConfiguration.framework */ = {isa = PBXFileReference; lastKnownFileType = wrapper.framework; name = SystemConfiguration.framework; path = System/Library/Frameworks/SystemConfiguration.framework; sourceTree = SDKROOT; };
/* End PBXFileReference section */

/* Begin PBXFrameworksBuildPhase section */
		AEECC31D1E23BC1F00E8BF89 /* Frameworks */ = {
			isa = PBXFrameworksBuildPhase;
			buildActionMask = 2147483647;
			files = (
				AEECC35F1E23BCD300E8BF89 /* SystemConfiguration.framework in Frameworks */,
				AEECC35D1E23BCCD00E8BF89 /* UIKit.framework in Frameworks */,
				AEECC35B1E23BCC100E8BF89 /* Foundation.framework in Frameworks */,
			);
			runOnlyForDeploymentPostprocessing = 0;
		};
		AEECC3391E23BC1F00E8BF89 /* Frameworks */ = {
			isa = PBXFrameworksBuildPhase;
			buildActionMask = 2147483647;
			files = (
			);
			runOnlyForDeploymentPostprocessing = 0;
		};
		AEECC3441E23BC1F00E8BF89 /* Frameworks */ = {
			isa = PBXFrameworksBuildPhase;
			buildActionMask = 2147483647;
			files = (
			);
			runOnlyForDeploymentPostprocessing = 0;
		};
/* End PBXFrameworksBuildPhase section */

/* Begin PBXGroup section */
		AEA95EC21E277F69004FC14E /* Category */ = {
			isa = PBXGroup;
			children = (
				AEA95EC31E277F8C004FC14E /* NSString+FileString.h */,
				AEA95EC41E277F8C004FC14E /* NSString+FileString.m */,
			);
			path = Category;
			sourceTree = "<group>";
		};
		AEA95EC61E279126004FC14E /* BaseViewController */ = {
			isa = PBXGroup;
			children = (
				AEA95EC71E27913B004FC14E /* BaseViewController.h */,
				AEA95EC81E27913B004FC14E /* BaseViewController.m */,
			);
			path = BaseViewController;
			sourceTree = "<group>";
		};
		AEECC3171E23BC1F00E8BF89 = {
			isa = PBXGroup;
			children = (
				AEECC3221E23BC1F00E8BF89 /* iOSTips */,
				AEECC33F1E23BC1F00E8BF89 /* iOSTipsTests */,
				AEECC34A1E23BC1F00E8BF89 /* iOSTipsUITests */,
				AEECC3211E23BC1F00E8BF89 /* Products */,
				AEECC3591E23BCC100E8BF89 /* Frameworks */,
			);
			sourceTree = "<group>";
		};
		AEECC3211E23BC1F00E8BF89 /* Products */ = {
			isa = PBXGroup;
			children = (
				AEECC3201E23BC1F00E8BF89 /* iOSTips.app */,
				AEECC33C1E23BC1F00E8BF89 /* iOSTipsTests.xctest */,
				AEECC3471E23BC1F00E8BF89 /* iOSTipsUITests.xctest */,
			);
			name = Products;
			sourceTree = "<group>";
		};
		AEECC3221E23BC1F00E8BF89 /* iOSTips */ = {
			isa = PBXGroup;
			children = (
				AEA95EC61E279126004FC14E /* BaseViewController */,
				AEA95EC21E277F69004FC14E /* Category */,
				AEECC3261E23BC1F00E8BF89 /* AppDelegate.h */,
				AEECC3271E23BC1F00E8BF89 /* AppDelegate.m */,
				AEECC3291E23BC1F00E8BF89 /* ViewController.h */,
				AEECC32A1E23BC1F00E8BF89 /* ViewController.m */,
				AEE8404B1E24DE210047067B /* FirstViewController.h */,
				AEE8404C1E24DE210047067B /* FirstViewController.m */,
				AEE8404D1E24DE210047067B /* FirstViewController.xib */,
				AEE840501E24E32B0047067B /* SecondViewController.h */,
				AEE840511E24E32B0047067B /* SecondViewController.m */,
				AEE840521E24E32B0047067B /* SecondViewController.xib */,
				AEE8405B1E24ED5C0047067B /* NotificationCenterController.h */,
				AEE8405C1E24ED5C0047067B /* NotificationCenterController.m */,
				AEE840681E24F4ED0047067B /* GCDViewController.h */,
				AEE840691E24F4ED0047067B /* GCDViewController.m */,
				AEE8406A1E24F4ED0047067B /* GCDViewController.xib */,
				AE96AEF21E2667A00045E371 /* NSOperationViewController.h */,
				AE96AEF31E2667A00045E371 /* NSOperationViewController.m */,
				AE96AEF41E2667A00045E371 /* NSOperationViewController.xib */,
				AEE840481E24DD650047067B /* Person.h */,
				AEE840491E24DD650047067B /* Person.m */,
				AEE840551E24E48D0047067B /* Student.h */,
				AEE840561E24E48D0047067B /* Student.m */,
				AE96AEFC1E274E860045E371 /* DownloadOperation.h */,
				AE96AEFD1E274E860045E371 /* DownloadOperation.m */,
				AEA95EBF1E276E71004FC14E /* ImageDownloadOperation.h */,
				AEA95EC01E276E71004FC14E /* ImageDownloadOperation.m */,
				AEECC32C1E23BC1F00E8BF89 /* Main.storyboard */,
				AEECC3321E23BC1F00E8BF89 /* Assets.xcassets */,
				AEECC3341E23BC1F00E8BF89 /* LaunchScreen.storyboard */,
				AEECC3371E23BC1F00E8BF89 /* Info.plist */,
				AEECC32F1E23BC1F00E8BF89 /* iOSTips.xcdatamodeld */,
				AEECC3231E23BC1F00E8BF89 /* Supporting Files */,
			);
			path = iOSTips;
			sourceTree = "<group>";
		};
		AEECC3231E23BC1F00E8BF89 /* Supporting Files */ = {
			isa = PBXGroup;
			children = (
				AEECC3241E23BC1F00E8BF89 /* main.m */,
			);
			name = "Supporting Files";
			sourceTree = "<group>";
		};
		AEECC33F1E23BC1F00E8BF89 /* iOSTipsTests */ = {
			isa = PBXGroup;
			children = (
				AEECC3401E23BC1F00E8BF89 /* iOSTipsTests.m */,
				AEECC3421E23BC1F00E8BF89 /* Info.plist */,
			);
			path = iOSTipsTests;
			sourceTree = "<group>";
		};
		AEECC34A1E23BC1F00E8BF89 /* iOSTipsUITests */ = {
			isa = PBXGroup;
			children = (
				AEECC34B1E23BC1F00E8BF89 /* iOSTipsUITests.m */,
				AEECC34D1E23BC1F00E8BF89 /* Info.plist */,
			);
			path = iOSTipsUITests;
			sourceTree = "<group>";
		};
		AEECC3591E23BCC100E8BF89 /* Frameworks */ = {
			isa = PBXGroup;
			children = (
				AEECC35E1E23BCD300E8BF89 /* SystemConfiguration.framework */,
				AEECC35C1E23BCCD00E8BF89 /* UIKit.framework */,
				AEECC35A1E23BCC100E8BF89 /* Foundation.framework */,
			);
			name = Frameworks;
			sourceTree = "<group>";
		};
/* End PBXGroup section */

/* Begin PBXNativeTarget section */
		AEECC31F1E23BC1F00E8BF89 /* iOSTips */ = {
			isa = PBXNativeTarget;
			buildConfigurationList = AEECC3501E23BC1F00E8BF89 /* Build configuration list for PBXNativeTarget "iOSTips" */;
			buildPhases = (
				AEECC31C1E23BC1F00E8BF89 /* Sources */,
				AEECC31D1E23BC1F00E8BF89 /* Frameworks */,
				AEECC31E1E23BC1F00E8BF89 /* Resources */,
			);
			buildRules = (
			);
			dependencies = (
			);
			name = iOSTips;
			productName = iOSTips;
			productReference = AEECC3201E23BC1F00E8BF89 /* iOSTips.app */;
			productType = "com.apple.product-type.application";
		};
		AEECC33B1E23BC1F00E8BF89 /* iOSTipsTests */ = {
			isa = PBXNativeTarget;
			buildConfigurationList = AEECC3531E23BC1F00E8BF89 /* Build configuration list for PBXNativeTarget "iOSTipsTests" */;
			buildPhases = (
				AEECC3381E23BC1F00E8BF89 /* Sources */,
				AEECC3391E23BC1F00E8BF89 /* Frameworks */,
				AEECC33A1E23BC1F00E8BF89 /* Resources */,
			);
			buildRules = (
			);
			dependencies = (
				AEECC33E1E23BC1F00E8BF89 /* PBXTargetDependency */,
			);
			name = iOSTipsTests;
			productName = iOSTipsTests;
			productReference = AEECC33C1E23BC1F00E8BF89 /* iOSTipsTests.xctest */;
			productType = "com.apple.product-type.bundle.unit-test";
		};
		AEECC3461E23BC1F00E8BF89 /* iOSTipsUITests */ = {
			isa = PBXNativeTarget;
			buildConfigurationList = AEECC3561E23BC1F00E8BF89 /* Build configuration list for PBXNativeTarget "iOSTipsUITests" */;
			buildPhases = (
				AEECC3431E23BC1F00E8BF89 /* Sources */,
				AEECC3441E23BC1F00E8BF89 /* Frameworks */,
				AEECC3451E23BC1F00E8BF89 /* Resources */,
			);
			buildRules = (
			);
			dependencies = (
				AEECC3491E23BC1F00E8BF89 /* PBXTargetDependency */,
			);
			name = iOSTipsUITests;
			productName = iOSTipsUITests;
			productReference = AEECC3471E23BC1F00E8BF89 /* iOSTipsUITests.xctest */;
			productType = "com.apple.product-type.bundle.ui-testing";
		};
/* End PBXNativeTarget section */

/* Begin PBXProject section */
		AEECC3181E23BC1F00E8BF89 /* Project object */ = {
			isa = PBXProject;
			attributes = {
				LastUpgradeCheck = 0810;
				ORGANIZATIONNAME = "上海方创金融信息服务股份有限公司";
				TargetAttributes = {
					AEECC31F1E23BC1F00E8BF89 = {
						CreatedOnToolsVersion = 8.1;
						DevelopmentTeam = AWA9R9FXT6;
						ProvisioningStyle = Automatic;
					};
					AEECC33B1E23BC1F00E8BF89 = {
						CreatedOnToolsVersion = 8.1;
						DevelopmentTeam = AWA9R9FXT6;
						ProvisioningStyle = Automatic;
						TestTargetID = AEECC31F1E23BC1F00E8BF89;
					};
					AEECC3461E23BC1F00E8BF89 = {
						CreatedOnToolsVersion = 8.1;
						DevelopmentTeam = AWA9R9FXT6;
						ProvisioningStyle = Automatic;
						TestTargetID = AEECC31F1E23BC1F00E8BF89;
					};
				};
			};
			buildConfigurationList = AEECC31B1E23BC1F00E8BF89 /* Build configuration list for PBXProject "iOSTips" */;
			compatibilityVersion = "Xcode 3.2";
			developmentRegion = English;
			hasScannedForEncodings = 0;
			knownRegions = (
				en,
				Base,
			);
			mainGroup = AEECC3171E23BC1F00E8BF89;
			productRefGroup = AEECC3211E23BC1F00E8BF89 /* Products */;
			projectDirPath = "";
			projectRoot = "";
			targets = (
				AEECC31F1E23BC1F00E8BF89 /* iOSTips */,
				AEECC33B1E23BC1F00E8BF89 /* iOSTipsTests */,
				AEECC3461E23BC1F00E8BF89 /* iOSTipsUITests */,
			);
		};
/* End PBXProject section */

/* Begin PBXResourcesBuildPhase section */
		AEECC31E1E23BC1F00E8BF89 /* Resources */ = {
			isa = PBXResourcesBuildPhase;
			buildActionMask = 2147483647;
			files = (
				AEECC3361E23BC1F00E8BF89 /* LaunchScreen.storyboard in Resources */,
				AEECC3331E23BC1F00E8BF89 /* Assets.xcassets in Resources */,
				AEECC32E1E23BC1F00E8BF89 /* Main.storyboard in Resources */,
				AEE8406C1E24F4ED0047067B /* GCDViewController.xib in Resources */,
				AE96AEF61E2667A00045E371 /* NSOperationViewController.xib in Resources */,
				AEE8404F1E24DE210047067B /* FirstViewController.xib in Resources */,
				AEE840541E24E32B0047067B /* SecondViewController.xib in Resources */,
			);
			runOnlyForDeploymentPostprocessing = 0;
		};
		AEECC33A1E23BC1F00E8BF89 /* Resources */ = {
			isa = PBXResourcesBuildPhase;
			buildActionMask = 2147483647;
			files = (
			);
			runOnlyForDeploymentPostprocessing = 0;
		};
		AEECC3451E23BC1F00E8BF89 /* Resources */ = {
			isa = PBXResourcesBuildPhase;
			buildActionMask = 2147483647;
			files = (
			);
			runOnlyForDeploymentPostprocessing = 0;
		};
/* End PBXResourcesBuildPhase section */

/* Begin PBXSourcesBuildPhase section */
		AEECC31C1E23BC1F00E8BF89 /* Sources */ = {
			isa = PBXSourcesBuildPhase;
			buildActionMask = 2147483647;
			files = (
				AEECC32B1E23BC1F00E8BF89 /* ViewController.m in Sources */,
				AEA95EC91E27913B004FC14E /* BaseViewController.m in Sources */,
				AEE8404E1E24DE210047067B /* FirstViewController.m in Sources */,
				AE96AEFE1E274E860045E371 /* DownloadOperation.m in Sources */,
				AEECC3281E23BC1F00E8BF89 /* AppDelegate.m in Sources */,
				AEA95EC51E277F8C004FC14E /* NSString+FileString.m in Sources */,
				AEE840571E24E48D0047067B /* Student.m in Sources */,
				AEE8405E1E24ED5C0047067B /* NotificationCenterController.m in Sources */,
				AEE840531E24E32B0047067B /* SecondViewController.m in Sources */,
				AEE8406B1E24F4ED0047067B /* GCDViewController.m in Sources */,
				AEE8404A1E24DD650047067B /* Person.m in Sources */,
				AEECC3251E23BC1F00E8BF89 /* main.m in Sources */,
				AEECC3311E23BC1F00E8BF89 /* iOSTips.xcdatamodeld in Sources */,
				AEA95EC11E276E71004FC14E /* ImageDownloadOperation.m in Sources */,
				AE96AEF51E2667A00045E371 /* NSOperationViewController.m in Sources */,
			);
			runOnlyForDeploymentPostprocessing = 0;
		};
		AEECC3381E23BC1F00E8BF89 /* Sources */ = {
			isa = PBXSourcesBuildPhase;
			buildActionMask = 2147483647;
			files = (
				AEECC3411E23BC1F00E8BF89 /* iOSTipsTests.m in Sources */,
			);
			runOnlyForDeploymentPostprocessing = 0;
		};
		AEECC3431E23BC1F00E8BF89 /* Sources */ = {
			isa = PBXSourcesBuildPhase;
			buildActionMask = 2147483647;
			files = (
				AEECC34C1E23BC1F00E8BF89 /* iOSTipsUITests.m in Sources */,
			);
			runOnlyForDeploymentPostprocessing = 0;
		};
/* End PBXSourcesBuildPhase section */

/* Begin PBXTargetDependency section */
		AEECC33E1E23BC1F00E8BF89 /* PBXTargetDependency */ = {
			isa = PBXTargetDependency;
			target = AEECC31F1E23BC1F00E8BF89 /* iOSTips */;
			targetProxy = AEECC33D1E23BC1F00E8BF89 /* PBXContainerItemProxy */;
		};
		AEECC3491E23BC1F00E8BF89 /* PBXTargetDependency */ = {
			isa = PBXTargetDependency;
			target = AEECC31F1E23BC1F00E8BF89 /* iOSTips */;
			targetProxy = AEECC3481E23BC1F00E8BF89 /* PBXContainerItemProxy */;
		};
/* End PBXTargetDependency section */

/* Begin PBXVariantGroup section */
		AEECC32C1E23BC1F00E8BF89 /* Main.storyboard */ = {
			isa = PBXVariantGroup;
			children = (
				AEECC32D1E23BC1F00E8BF89 /* Base */,
			);
			name = Main.storyboard;
			sourceTree = "<group>";
		};
		AEECC3341E23BC1F00E8BF89 /* LaunchScreen.storyboard */ = {
			isa = PBXVariantGroup;
			children = (
				AEECC3351E23BC1F00E8BF89 /* Base */,
			);
			name = LaunchScreen.storyboard;
			sourceTree = "<group>";
		};
/* End PBXVariantGroup section */

/* Begin XCBuildConfiguration section */
		AEECC34E1E23BC1F00E8BF89 /* Debug */ = {
			isa = XCBuildConfiguration;
			buildSettings = {
				ALWAYS_SEARCH_USER_PATHS = NO;
				CLANG_ANALYZER_NONNULL = YES;
				CLANG_CXX_LANGUAGE_STANDARD = "gnu++0x";
				CLANG_CXX_LIBRARY = "libc++";
				CLANG_ENABLE_MODULES = YES;
				CLANG_ENABLE_OBJC_ARC = YES;
				CLANG_WARN_BOOL_CONVERSION = YES;
				CLANG_WARN_CONSTANT_CONVERSION = YES;
				CLANG_WARN_DIRECT_OBJC_ISA_USAGE = YES_ERROR;
				CLANG_WARN_DOCUMENTATION_COMMENTS = YES;
				CLANG_WARN_EMPTY_BODY = YES;
				CLANG_WARN_ENUM_CONVERSION = YES;
				CLANG_WARN_INFINITE_RECURSION = YES;
				CLANG_WARN_INT_CONVERSION = YES;
				CLANG_WARN_OBJC_ROOT_CLASS = YES_ERROR;
				CLANG_WARN_SUSPICIOUS_MOVES = YES;
				CLANG_WARN_UNREACHABLE_CODE = YES;
				CLANG_WARN__DUPLICATE_METHOD_MATCH = YES;
				"CODE_SIGN_IDENTITY[sdk=iphoneos*]" = "iPhone Developer";
				COPY_PHASE_STRIP = NO;
				DEBUG_INFORMATION_FORMAT = dwarf;
				ENABLE_STRICT_OBJC_MSGSEND = YES;
				ENABLE_TESTABILITY = YES;
				GCC_C_LANGUAGE_STANDARD = gnu99;
				GCC_DYNAMIC_NO_PIC = NO;
				GCC_NO_COMMON_BLOCKS = YES;
				GCC_OPTIMIZATION_LEVEL = 0;
				GCC_PREPROCESSOR_DEFINITIONS = (
					"DEBUG=1",
					"$(inherited)",
				);
				GCC_WARN_64_TO_32_BIT_CONVERSION = YES;
				GCC_WARN_ABOUT_RETURN_TYPE = YES_ERROR;
				GCC_WARN_UNDECLARED_SELECTOR = YES;
				GCC_WARN_UNINITIALIZED_AUTOS = YES_AGGRESSIVE;
				GCC_WARN_UNUSED_FUNCTION = YES;
				GCC_WARN_UNUSED_VARIABLE = YES;
				IPHONEOS_DEPLOYMENT_TARGET = 10.1;
				MTL_ENABLE_DEBUG_INFO = YES;
				ONLY_ACTIVE_ARCH = YES;
				SDKROOT = iphoneos;
				TARGETED_DEVICE_FAMILY = "1,2";
			};
			name = Debug;
		};
		AEECC34F1E23BC1F00E8BF89 /* Release */ = {
			isa = XCBuildConfiguration;
			buildSettings = {
				ALWAYS_SEARCH_USER_PATHS = NO;
				CLANG_ANALYZER_NONNULL = YES;
				CLANG_CXX_LANGUAGE_STANDARD = "gnu++0x";
				CLANG_CXX_LIBRARY = "libc++";
				CLANG_ENABLE_MODULES = YES;
				CLANG_ENABLE_OBJC_ARC = YES;
				CLANG_WARN_BOOL_CONVERSION = YES;
				CLANG_WARN_CONSTANT_CONVERSION = YES;
				CLANG_WARN_DIRECT_OBJC_ISA_USAGE = YES_ERROR;
				CLANG_WARN_DOCUMENTATION_COMMENTS = YES;
				CLANG_WARN_EMPTY_BODY = YES;
				CLANG_WARN_ENUM_CONVERSION = YES;
				CLANG_WARN_INFINITE_RECURSION = YES;
				CLANG_WARN_INT_CONVERSION = YES;
				CLANG_WARN_OBJC_ROOT_CLASS = YES_ERROR;
				CLANG_WARN_SUSPICIOUS_MOVES = YES;
				CLANG_WARN_UNREACHABLE_CODE = YES;
				CLANG_WARN__DUPLICATE_METHOD_MATCH = YES;
				"CODE_SIGN_IDENTITY[sdk=iphoneos*]" = "iPhone Developer";
				COPY_PHASE_STRIP = NO;
				DEBUG_INFORMATION_FORMAT = "dwarf-with-dsym";
				ENABLE_NS_ASSERTIONS = NO;
				ENABLE_STRICT_OBJC_MSGSEND = YES;
				GCC_C_LANGUAGE_STANDARD = gnu99;
				GCC_NO_COMMON_BLOCKS = YES;
				GCC_WARN_64_TO_32_BIT_CONVERSION = YES;
				GCC_WARN_ABOUT_RETURN_TYPE = YES_ERROR;
				GCC_WARN_UNDECLARED_SELECTOR = YES;
				GCC_WARN_UNINITIALIZED_AUTOS = YES_AGGRESSIVE;
				GCC_WARN_UNUSED_FUNCTION = YES;
				GCC_WARN_UNUSED_VARIABLE = YES;
				IPHONEOS_DEPLOYMENT_TARGET = 10.1;
				MTL_ENABLE_DEBUG_INFO = NO;
				SDKROOT = iphoneos;
				TARGETED_DEVICE_FAMILY = "1,2";
				VALIDATE_PRODUCT = YES;
			};
			name = Release;
		};
		AEECC3511E23BC1F00E8BF89 /* Debug */ = {
			isa = XCBuildConfiguration;
			buildSettings = {
				ASSETCATALOG_COMPILER_APPICON_NAME = AppIcon;
				DEVELOPMENT_TEAM = AWA9R9FXT6;
				INFOPLIST_FILE = iOSTips/Info.plist;
				IPHONEOS_DEPLOYMENT_TARGET = 10.0;
				LD_RUNPATH_SEARCH_PATHS = "$(inherited) @executable_path/Frameworks";
				PRODUCT_BUNDLE_IDENTIFIER = www.fangchuang.com.iOSTips;
				PRODUCT_NAME = "$(TARGET_NAME)";
			};
			name = Debug;
		};
		AEECC3521E23BC1F00E8BF89 /* Release */ = {
			isa = XCBuildConfiguration;
			buildSettings = {
				ASSETCATALOG_COMPILER_APPICON_NAME = AppIcon;
				DEVELOPMENT_TEAM = AWA9R9FXT6;
				INFOPLIST_FILE = iOSTips/Info.plist;
				IPHONEOS_DEPLOYMENT_TARGET = 10.0;
				LD_RUNPATH_SEARCH_PATHS = "$(inherited) @executable_path/Frameworks";
				PRODUCT_BUNDLE_IDENTIFIER = www.fangchuang.com.iOSTips;
				PRODUCT_NAME = "$(TARGET_NAME)";
			};
			name = Release;
		};
		AEECC3541E23BC1F00E8BF89 /* Debug */ = {
			isa = XCBuildConfiguration;
			buildSettings = {
				BUNDLE_LOADER = "$(TEST_HOST)";
				DEVELOPMENT_TEAM = AWA9R9FXT6;
				INFOPLIST_FILE = iOSTipsTests/Info.plist;
				LD_RUNPATH_SEARCH_PATHS = "$(inherited) @executable_path/Frameworks @loader_path/Frameworks";
				PRODUCT_BUNDLE_IDENTIFIER = www.fangchuang.com.iOSTipsTests;
				PRODUCT_NAME = "$(TARGET_NAME)";
				TEST_HOST = "$(BUILT_PRODUCTS_DIR)/iOSTips.app/iOSTips";
			};
			name = Debug;
		};
		AEECC3551E23BC1F00E8BF89 /* Release */ = {
			isa = XCBuildConfiguration;
			buildSettings = {
				BUNDLE_LOADER = "$(TEST_HOST)";
				DEVELOPMENT_TEAM = AWA9R9FXT6;
				INFOPLIST_FILE = iOSTipsTests/Info.plist;
				LD_RUNPATH_SEARCH_PATHS = "$(inherited) @executable_path/Frameworks @loader_path/Frameworks";
				PRODUCT_BUNDLE_IDENTIFIER = www.fangchuang.com.iOSTipsTests;
				PRODUCT_NAME = "$(TARGET_NAME)";
				TEST_HOST = "$(BUILT_PRODUCTS_DIR)/iOSTips.app/iOSTips";
			};
			name = Release;
		};
		AEECC3571E23BC1F00E8BF89 /* Debug */ = {
			isa = XCBuildConfiguration;
			buildSettings = {
				DEVELOPMENT_TEAM = AWA9R9FXT6;
				INFOPLIST_FILE = iOSTipsUITests/Info.plist;
				LD_RUNPATH_SEARCH_PATHS = "$(inherited) @executable_path/Frameworks @loader_path/Frameworks";
				PRODUCT_BUNDLE_IDENTIFIER = www.fangchuang.com.iOSTipsUITests;
				PRODUCT_NAME = "$(TARGET_NAME)";
				TEST_TARGET_NAME = iOSTips;
			};
			name = Debug;
		};
		AEECC3581E23BC1F00E8BF89 /* Release */ = {
			isa = XCBuildConfiguration;
			buildSettings = {
				DEVELOPMENT_TEAM = AWA9R9FXT6;
				INFOPLIST_FILE = iOSTipsUITests/Info.plist;
				LD_RUNPATH_SEARCH_PATHS = "$(inherited) @executable_path/Frameworks @loader_path/Frameworks";
				PRODUCT_BUNDLE_IDENTIFIER = www.fangchuang.com.iOSTipsUITests;
				PRODUCT_NAME = "$(TARGET_NAME)";
				TEST_TARGET_NAME = iOSTips;
			};
			name = Release;
		};
/* End XCBuildConfiguration section */

/* Begin XCConfigurationList section */
		AEECC31B1E23BC1F00E8BF89 /* Build configuration list for PBXProject "iOSTips" */ = {
			isa = XCConfigurationList;
			buildConfigurations = (
				AEECC34E1E23BC1F00E8BF89 /* Debug */,
				AEECC34F1E23BC1F00E8BF89 /* Release */,
			);
			defaultConfigurationIsVisible = 0;
			defaultConfigurationName = Release;
		};
		AEECC3501E23BC1F00E8BF89 /* Build configuration list for PBXNativeTarget "iOSTips" */ = {
			isa = XCConfigurationList;
			buildConfigurations = (
				AEECC3511E23BC1F00E8BF89 /* Debug */,
				AEECC3521E23BC1F00E8BF89 /* Release */,
			);
			defaultConfigurationIsVisible = 0;
			defaultConfigurationName = Release;
		};
		AEECC3531E23BC1F00E8BF89 /* Build configuration list for PBXNativeTarget "iOSTipsTests" */ = {
			isa = XCConfigurationList;
			buildConfigurations = (
				AEECC3541E23BC1F00E8BF89 /* Debug */,
				AEECC3551E23BC1F00E8BF89 /* Release */,
			);
			defaultConfigurationIsVisible = 0;
			defaultConfigurationName = Release;
		};
		AEECC3561E23BC1F00E8BF89 /* Build configuration list for PBXNativeTarget "iOSTipsUITests" */ = {
			isa = XCConfigurationList;
			buildConfigurations = (
				AEECC3571E23BC1F00E8BF89 /* Debug */,
				AEECC3581E23BC1F00E8BF89 /* Release */,
			);
			defaultConfigurationIsVisible = 0;
			defaultConfigurationName = Release;
		};
/* End XCConfigurationList section */

/* Begin XCVersionGroup section */
		AEECC32F1E23BC1F00E8BF89 /* iOSTips.xcdatamodeld */ = {
			isa = XCVersionGroup;
			children = (
				AEECC3301E23BC1F00E8BF89 /* iOSTips.xcdatamodel */,
			);
			currentVersion = AEECC3301E23BC1F00E8BF89 /* iOSTips.xcdatamodel */;
			path = iOSTips.xcdatamodeld;
			sourceTree = "<group>";
			versionGroupType = wrapper.xcdatamodel;
		};
/* End XCVersionGroup section */
	};
	rootObject = AEECC3181E23BC1F00E8BF89 /* Project object */;
}
